dependencies:
- name: stash-community
  repository: file://../stash-community
  version: v0.29.0
- name: stash-enterprise
  repository: file://../stash-enterprise
  version: v0.29.0
- name: stash-catalog
  repository: file://../stash-catalog
  version: v2023.04.30
- name: stash-metrics
  repository: file://../stash-metrics
  version: v2023.04.30
digest: sha256:66a23b75c2ef11b901c9aac36afa9cd63485070f78e8a29646d1a2e4dedcf6a0
generated: "2023-04-30T22:29:25.474522535Z"
