dependencies:
- name: stash-community
  repository: file://../stash-community
  version: v0.36.0
- name: stash-enterprise
  repository: file://../stash-enterprise
  version: v0.36.0
- name: stash-catalog
  repository: file://../stash-catalog
  version: v2024.9.30
- name: stash-metrics
  repository: file://../stash-metrics
  version: v2024.9.30
digest: sha256:1617f6b118871e7b34b0be3c55e603fd0c615533e8ee5f8296e6eade87f19934
generated: "2024-09-27T02:01:46.26825148Z"
