dependencies:
- name: stash-ui-server
  repository: file://../stash-ui-server
  version: v0.21.0
- name: stash-metrics
  repository: file://../stash-metrics
  version: v2025.6.30
- name: stash-grafana-dashboards
  repository: file://../stash-grafana-dashboards
  version: v2025.6.30
- name: ace-user-roles
  repository: oci://ghcr.io/appscode-charts
  version: v2024.9.30
digest: sha256:c530145a772988ba273bfed9c4ea1e860be8ff2b0c0d0f640ce8557e53e36693
generated: "2025-06-26T19:49:22.648424829Z"
