dependencies:
- name: stash-ui-server
  repository: file://../stash-ui-server
  version: v0.13.0
- name: stash-metrics
  repository: file://../stash-metrics
  version: v2023.08.18
- name: stash-grafana-dashboards
  repository: file://../stash-grafana-dashboards
  version: v2023.08.18
digest: sha256:ebbaf01bcd129c079fcfae08bb2bf1beb0d0a7c44f732878d339255ff872fa38
generated: "2023-08-15T02:47:53.97849418Z"
